// !$*UTF8*$!
{
	archiveVersion = 1;
	classes = {
	};
	objectVersion = 46;
	objects = {

/* Begin PBXBuildFile section */
		02905F56DA4B59B3E2AFA14D /* Pods_battleshipiOS.framework in Frameworks */ = {isa = PBXBuildFile; fileRef = 428EAB6B63B2C25AB1EE3F6D /* Pods_battleshipiOS.framework */; };
		3EE3A67B7F7DB6395C7FE911 /* Pods_battleshipiOSTests.framework in Frameworks */ = {isa = PBXBuildFile; fileRef = 89D3EAB7F89C1DEE417D7E3B /* Pods_battleshipiOSTests.framework */; };
		D324E1921E62AF05000FCBFC /* CoordinateMaper.swift in Sources */ = {isa = PBXBuildFile; fileRef = D324E1911E62AF05000FCBFC /* CoordinateMaper.swift */; };
		D324E1951E62B854000FCBFC /* CoordinateMaperSpec.swift in Sources */ = {isa = PBXBuildFile; fileRef = D324E1941E62B854000FCBFC /* CoordinateMaperSpec.swift */; };
		D324E1971E62D307000FCBFC /* Cells.swift in Sources */ = {isa = PBXBuildFile; fileRef = D324E1961E62D307000FCBFC /* Cells.swift */; };
		D34C373F1E7DAF23002817EC /* Alert.swift in Sources */ = {isa = PBXBuildFile; fileRef = D34C373E1E7DAF23002817EC /* Alert.swift */; };
		D34C37491E7EFC4F002817EC /* CollectionViewLayouter.h in Headers */ = {isa = PBXBuildFile; fileRef = D34C37471E7EFC4F002817EC /* CollectionViewLayouter.h */; settings = {ATTRIBUTES = (Public, ); }; };
		D34C374C1E7EFC4F002817EC /* CollectionViewLayouter.framework in Frameworks */ = {isa = PBXBuildFile; fileRef = D34C37451E7EFC4F002817EC /* CollectionViewLayouter.framework */; };
		D34C374D1E7EFC4F002817EC /* CollectionViewLayouter.framework in Embed Frameworks */ = {isa = PBXBuildFile; fileRef = D34C37451E7EFC4F002817EC /* CollectionViewLayouter.framework */; settings = {ATTRIBUTES = (CodeSignOnCopy, RemoveHeadersOnCopy, ); }; };
		D34C37531E7EFD06002817EC /* Layouter.swift in Sources */ = {isa = PBXBuildFile; fileRef = D34C37521E7EFD06002817EC /* Layouter.swift */; };
		D39F753C1E60BE8E00669FF8 /* ShipPlacement.storyboard in Resources */ = {isa = PBXBuildFile; fileRef = D39F753B1E60BE8E00669FF8 /* ShipPlacement.storyboard */; };
		D39F75401E60BF1400669FF8 /* ShipPlacementVC.swift in Sources */ = {isa = PBXBuildFile; fileRef = D39F753F1E60BF1400669FF8 /* ShipPlacementVC.swift */; };
		D39F75421E61498100669FF8 /* ShipPlacementCell.swift in Sources */ = {isa = PBXBuildFile; fileRef = D39F75411E61498100669FF8 /* ShipPlacementCell.swift */; };
		D3CF7F501E503E5E001F9B7A /* AppDelegate.swift in Sources */ = {isa = PBXBuildFile; fileRef = D3CF7F4F1E503E5E001F9B7A /* AppDelegate.swift */; };
		D3CF7F521E503E5E001F9B7A /* Login.swift in Sources */ = {isa = PBXBuildFile; fileRef = D3CF7F511E503E5E001F9B7A /* Login.swift */; };
		D3CF7F551E503E5E001F9B7A /* Login.storyboard in Resources */ = {isa = PBXBuildFile; fileRef = D3CF7F531E503E5E001F9B7A /* Login.storyboard */; };
		D3CF7F571E503E5E001F9B7A /* Assets.xcassets in Resources */ = {isa = PBXBuildFile; fileRef = D3CF7F561E503E5E001F9B7A /* Assets.xcassets */; };
		D3CF7F5A1E503E5E001F9B7A /* LaunchScreen.storyboard in Resources */ = {isa = PBXBuildFile; fileRef = D3CF7F581E503E5E001F9B7A /* LaunchScreen.storyboard */; };
		D3CF7F651E503E5E001F9B7A /* battleshipiOSTests.swift in Sources */ = {isa = PBXBuildFile; fileRef = D3CF7F641E503E5E001F9B7A /* battleshipiOSTests.swift */; };
		D3CF7F711E505E41001F9B7A /* Webservice.swift in Sources */ = {isa = PBXBuildFile; fileRef = D3CF7F701E505E41001F9B7A /* Webservice.swift */; };
		D3CF7F731E50661C001F9B7A /* urls.strings in Resources */ = {isa = PBXBuildFile; fileRef = D3CF7F721E50661C001F9B7A /* urls.strings */; };
		D3CF7F751E50746D001F9B7A /* LocalizedString.swift in Sources */ = {isa = PBXBuildFile; fileRef = D3CF7F741E50746D001F9B7A /* LocalizedString.swift */; };
		D3E65FC51E879B670002CEEA /* GamePage.storyboard in Resources */ = {isa = PBXBuildFile; fileRef = D3E65FC31E879B670002CEEA /* GamePage.storyboard */; };
		D3E65FCE1E87D2E50002CEEA /* gamePageVC.swift in Sources */ = {isa = PBXBuildFile; fileRef = D3E65FCD1E87D2E50002CEEA /* gamePageVC.swift */; };
		D3E65FD01E87D4CD0002CEEA /* myGridDataSource.swift in Sources */ = {isa = PBXBuildFile; fileRef = D3E65FCF1E87D4CD0002CEEA /* myGridDataSource.swift */; };
		D3E65FD21E87D6E20002CEEA /* oppGridDataSource.swift in Sources */ = {isa = PBXBuildFile; fileRef = D3E65FD11E87D6E20002CEEA /* oppGridDataSource.swift */; };
/* End PBXBuildFile section */

/* Begin PBXContainerItemProxy section */
		D34C374A1E7EFC4F002817EC /* PBXContainerItemProxy */ = {
			isa = PBXContainerItemProxy;
			containerPortal = D3CF7F441E503E5E001F9B7A /* Project object */;
			proxyType = 1;
			remoteGlobalIDString = D34C37441E7EFC4F002817EC;
			remoteInfo = CollectionViewLayouter;
		};
		D3CF7F611E503E5E001F9B7A /* PBXContainerItemProxy */ = {
			isa = PBXContainerItemProxy;
			containerPortal = D3CF7F441E503E5E001F9B7A /* Project object */;
			proxyType = 1;
			remoteGlobalIDString = D3CF7F4B1E503E5E001F9B7A;
			remoteInfo = battleshipiOS;
		};
/* End PBXContainerItemProxy section */

/* Begin PBXCopyFilesBuildPhase section */
		D34C37511E7EFC4F002817EC /* Embed Frameworks */ = {
			isa = PBXCopyFilesBuildPhase;
			buildActionMask = 2147483647;
			dstPath = "";
			dstSubfolderSpec = 10;
			files = (
				D34C374D1E7EFC4F002817EC /* CollectionViewLayouter.framework in Embed Frameworks */,
			);
			name = "Embed Frameworks";
			runOnlyForDeploymentPostprocessing = 0;
		};
/* End PBXCopyFilesBuildPhase section */

/* Begin PBXFileReference section */
		11A36F39C6E82B2D7918FCB1 /* Pods-battleshipiOS.debug.xcconfig */ = {isa = PBXFileReference; includeInIndex = 1; lastKnownFileType = text.xcconfig; name = "Pods-battleshipiOS.debug.xcconfig"; path = "Pods/Target Support Files/Pods-battleshipiOS/Pods-battleshipiOS.debug.xcconfig"; sourceTree = "<group>"; };
		223CF86A0E699D6DEE879134 /* Pods-battleshipiOSTests.debug.xcconfig */ = {isa = PBXFileReference; includeInIndex = 1; lastKnownFileType = text.xcconfig; name = "Pods-battleshipiOSTests.debug.xcconfig"; path = "Pods/Target Support Files/Pods-battleshipiOSTests/Pods-battleshipiOSTests.debug.xcconfig"; sourceTree = "<group>"; };
		34DEB5BEF872B1A55B97F631 /* Pods-battleshipiOS.release.xcconfig */ = {isa = PBXFileReference; includeInIndex = 1; lastKnownFileType = text.xcconfig; name = "Pods-battleshipiOS.release.xcconfig"; path = "Pods/Target Support Files/Pods-battleshipiOS/Pods-battleshipiOS.release.xcconfig"; sourceTree = "<group>"; };
		428EAB6B63B2C25AB1EE3F6D /* Pods_battleshipiOS.framework */ = {isa = PBXFileReference; explicitFileType = wrapper.framework; includeInIndex = 0; path = Pods_battleshipiOS.framework; sourceTree = BUILT_PRODUCTS_DIR; };
		89D3EAB7F89C1DEE417D7E3B /* Pods_battleshipiOSTests.framework */ = {isa = PBXFileReference; explicitFileType = wrapper.framework; includeInIndex = 0; path = Pods_battleshipiOSTests.framework; sourceTree = BUILT_PRODUCTS_DIR; };
		D324E1911E62AF05000FCBFC /* CoordinateMaper.swift */ = {isa = PBXFileReference; fileEncoding = 4; lastKnownFileType = sourcecode.swift; path = CoordinateMaper.swift; sourceTree = "<group>"; };
		D324E1941E62B854000FCBFC /* CoordinateMaperSpec.swift */ = {isa = PBXFileReference; fileEncoding = 4; lastKnownFileType = sourcecode.swift; path = CoordinateMaperSpec.swift; sourceTree = "<group>"; };
		D324E1961E62D307000FCBFC /* Cells.swift */ = {isa = PBXFileReference; fileEncoding = 4; lastKnownFileType = sourcecode.swift; path = Cells.swift; sourceTree = "<group>"; };
		D34C373E1E7DAF23002817EC /* Alert.swift */ = {isa = PBXFileReference; fileEncoding = 4; lastKnownFileType = sourcecode.swift; path = Alert.swift; sourceTree = "<group>"; };
		D34C37451E7EFC4F002817EC /* CollectionViewLayouter.framework */ = {isa = PBXFileReference; explicitFileType = wrapper.framework; includeInIndex = 0; path = CollectionViewLayouter.framework; sourceTree = BUILT_PRODUCTS_DIR; };
		D34C37471E7EFC4F002817EC /* CollectionViewLayouter.h */ = {isa = PBXFileReference; lastKnownFileType = sourcecode.c.h; path = CollectionViewLayouter.h; sourceTree = "<group>"; };
		D34C37481E7EFC4F002817EC /* Info.plist */ = {isa = PBXFileReference; lastKnownFileType = text.plist.xml; path = Info.plist; sourceTree = "<group>"; };
		D34C37521E7EFD06002817EC /* Layouter.swift */ = {isa = PBXFileReference; fileEncoding = 4; lastKnownFileType = sourcecode.swift; path = Layouter.swift; sourceTree = "<group>"; };
		D39F753B1E60BE8E00669FF8 /* ShipPlacement.storyboard */ = {isa = PBXFileReference; fileEncoding = 4; lastKnownFileType = file.storyboard; path = ShipPlacement.storyboard; sourceTree = "<group>"; };
		D39F753F1E60BF1400669FF8 /* ShipPlacementVC.swift */ = {isa = PBXFileReference; fileEncoding = 4; lastKnownFileType = sourcecode.swift; path = ShipPlacementVC.swift; sourceTree = "<group>"; };
		D39F75411E61498100669FF8 /* ShipPlacementCell.swift */ = {isa = PBXFileReference; fileEncoding = 4; lastKnownFileType = sourcecode.swift; path = ShipPlacementCell.swift; sourceTree = "<group>"; };
		D3CF7F4C1E503E5E001F9B7A /* battleshipiOS.app */ = {isa = PBXFileReference; explicitFileType = wrapper.application; includeInIndex = 0; path = battleshipiOS.app; sourceTree = BUILT_PRODUCTS_DIR; };
		D3CF7F4F1E503E5E001F9B7A /* AppDelegate.swift */ = {isa = PBXFileReference; lastKnownFileType = sourcecode.swift; path = AppDelegate.swift; sourceTree = "<group>"; };
		D3CF7F511E503E5E001F9B7A /* Login.swift */ = {isa = PBXFileReference; lastKnownFileType = sourcecode.swift; path = Login.swift; sourceTree = "<group>"; };
		D3CF7F541E503E5E001F9B7A /* Base */ = {isa = PBXFileReference; lastKnownFileType = file.storyboard; name = Base; path = Base.lproj/Login.storyboard; sourceTree = "<group>"; };
		D3CF7F561E503E5E001F9B7A /* Assets.xcassets */ = {isa = PBXFileReference; lastKnownFileType = folder.assetcatalog; path = Assets.xcassets; sourceTree = "<group>"; };
		D3CF7F591E503E5E001F9B7A /* Base */ = {isa = PBXFileReference; lastKnownFileType = file.storyboard; name = Base; path = Base.lproj/LaunchScreen.storyboard; sourceTree = "<group>"; };
		D3CF7F5B1E503E5E001F9B7A /* Info.plist */ = {isa = PBXFileReference; lastKnownFileType = text.plist.xml; path = Info.plist; sourceTree = "<group>"; };
		D3CF7F601E503E5E001F9B7A /* battleshipiOSTests.xctest */ = {isa = PBXFileReference; explicitFileType = wrapper.cfbundle; includeInIndex = 0; path = battleshipiOSTests.xctest; sourceTree = BUILT_PRODUCTS_DIR; };
		D3CF7F641E503E5E001F9B7A /* battleshipiOSTests.swift */ = {isa = PBXFileReference; lastKnownFileType = sourcecode.swift; path = battleshipiOSTests.swift; sourceTree = "<group>"; };
		D3CF7F661E503E5E001F9B7A /* Info.plist */ = {isa = PBXFileReference; lastKnownFileType = text.plist.xml; path = Info.plist; sourceTree = "<group>"; };
		D3CF7F701E505E41001F9B7A /* Webservice.swift */ = {isa = PBXFileReference; fileEncoding = 4; lastKnownFileType = sourcecode.swift; path = Webservice.swift; sourceTree = "<group>"; };
		D3CF7F721E50661C001F9B7A /* urls.strings */ = {isa = PBXFileReference; fileEncoding = 4; lastKnownFileType = text.plist.strings; path = urls.strings; sourceTree = "<group>"; };
		D3CF7F741E50746D001F9B7A /* LocalizedString.swift */ = {isa = PBXFileReference; fileEncoding = 4; lastKnownFileType = sourcecode.swift; path = LocalizedString.swift; sourceTree = "<group>"; };
		D3E65FC31E879B670002CEEA /* GamePage.storyboard */ = {isa = PBXFileReference; fileEncoding = 4; lastKnownFileType = file.storyboard; path = GamePage.storyboard; sourceTree = "<group>"; };
		D3E65FCD1E87D2E50002CEEA /* gamePageVC.swift */ = {isa = PBXFileReference; fileEncoding = 4; lastKnownFileType = sourcecode.swift; path = gamePageVC.swift; sourceTree = "<group>"; };
		D3E65FCF1E87D4CD0002CEEA /* myGridDataSource.swift */ = {isa = PBXFileReference; fileEncoding = 4; lastKnownFileType = sourcecode.swift; path = myGridDataSource.swift; sourceTree = "<group>"; };
		D3E65FD11E87D6E20002CEEA /* oppGridDataSource.swift */ = {isa = PBXFileReference; fileEncoding = 4; lastKnownFileType = sourcecode.swift; path = oppGridDataSource.swift; sourceTree = "<group>"; };
		F590DF8D544E8A81056BFEC8 /* Pods-battleshipiOSTests.release.xcconfig */ = {isa = PBXFileReference; includeInIndex = 1; lastKnownFileType = text.xcconfig; name = "Pods-battleshipiOSTests.release.xcconfig"; path = "Pods/Target Support Files/Pods-battleshipiOSTests/Pods-battleshipiOSTests.release.xcconfig"; sourceTree = "<group>"; };
/* End PBXFileReference section */

/* Begin PBXFrameworksBuildPhase section */
		D34C37411E7EFC4F002817EC /* Frameworks */ = {
			isa = PBXFrameworksBuildPhase;
			buildActionMask = 2147483647;
			files = (
			);
			runOnlyForDeploymentPostprocessing = 0;
		};
		D3CF7F491E503E5E001F9B7A /* Frameworks */ = {
			isa = PBXFrameworksBuildPhase;
			buildActionMask = 2147483647;
			files = (
				D34C374C1E7EFC4F002817EC /* CollectionViewLayouter.framework in Frameworks */,
				02905F56DA4B59B3E2AFA14D /* Pods_battleshipiOS.framework in Frameworks */,
			);
			runOnlyForDeploymentPostprocessing = 0;
		};
		D3CF7F5D1E503E5E001F9B7A /* Frameworks */ = {
			isa = PBXFrameworksBuildPhase;
			buildActionMask = 2147483647;
			files = (
				3EE3A67B7F7DB6395C7FE911 /* Pods_battleshipiOSTests.framework in Frameworks */,
			);
			runOnlyForDeploymentPostprocessing = 0;
		};
/* End PBXFrameworksBuildPhase section */

/* Begin PBXGroup section */
		3641EEA29DDF0796152F9AB2 /* Frameworks */ = {
			isa = PBXGroup;
			children = (
				428EAB6B63B2C25AB1EE3F6D /* Pods_battleshipiOS.framework */,
				89D3EAB7F89C1DEE417D7E3B /* Pods_battleshipiOSTests.framework */,
			);
			name = Frameworks;
			sourceTree = "<group>";
		};
		D324E1931E62B838000FCBFC /* utils */ = {
			isa = PBXGroup;
			children = (
				D324E1941E62B854000FCBFC /* CoordinateMaperSpec.swift */,
			);
			name = utils;
			sourceTree = "<group>";
		};
		D34C37461E7EFC4F002817EC /* CollectionViewLayouter */ = {
			isa = PBXGroup;
			children = (
				D34C37471E7EFC4F002817EC /* CollectionViewLayouter.h */,
				D34C37481E7EFC4F002817EC /* Info.plist */,
				D34C37521E7EFD06002817EC /* Layouter.swift */,
			);
			path = CollectionViewLayouter;
			sourceTree = "<group>";
		};
		D39F75391E60BE1A00669FF8 /* login */ = {
			isa = PBXGroup;
			children = (
				D3CF7F531E503E5E001F9B7A /* Login.storyboard */,
				D3CF7F511E503E5E001F9B7A /* Login.swift */,
			);
			name = login;
			sourceTree = "<group>";
		};
		D39F753A1E60BE5200669FF8 /* shipPlacement */ = {
			isa = PBXGroup;
			children = (
				D39F753B1E60BE8E00669FF8 /* ShipPlacement.storyboard */,
				D39F753F1E60BF1400669FF8 /* ShipPlacementVC.swift */,
				D39F75411E61498100669FF8 /* ShipPlacementCell.swift */,
				D324E1961E62D307000FCBFC /* Cells.swift */,
			);
			name = shipPlacement;
			sourceTree = "<group>";
		};
		D3CF7F431E503E5E001F9B7A = {
			isa = PBXGroup;
			children = (
				D3CF7F4E1E503E5E001F9B7A /* battleshipiOS */,
				D3CF7F631E503E5E001F9B7A /* battleshipiOSTests */,
				D34C37461E7EFC4F002817EC /* CollectionViewLayouter */,
				D3CF7F4D1E503E5E001F9B7A /* Products */,
				F9F8DC39313B76E80F7B8D1B /* Pods */,
				3641EEA29DDF0796152F9AB2 /* Frameworks */,
			);
			sourceTree = "<group>";
		};
		D3CF7F4D1E503E5E001F9B7A /* Products */ = {
			isa = PBXGroup;
			children = (
				D3CF7F4C1E503E5E001F9B7A /* battleshipiOS.app */,
				D3CF7F601E503E5E001F9B7A /* battleshipiOSTests.xctest */,
				D34C37451E7EFC4F002817EC /* CollectionViewLayouter.framework */,
			);
			name = Products;
			sourceTree = "<group>";
		};
		D3CF7F4E1E503E5E001F9B7A /* battleshipiOS */ = {
			isa = PBXGroup;
			children = (
				D3E65FC21E879B670002CEEA /* GamePage */,
				D39F753A1E60BE5200669FF8 /* shipPlacement */,
				D39F75391E60BE1A00669FF8 /* login */,
				D3CF7F761E507762001F9B7A /* utils */,
				D3CF7F6F1E505E14001F9B7A /* Webservice */,
				D3CF7F4F1E503E5E001F9B7A /* AppDelegate.swift */,
				D3CF7F561E503E5E001F9B7A /* Assets.xcassets */,
				D3CF7F581E503E5E001F9B7A /* LaunchScreen.storyboard */,
				D3CF7F5B1E503E5E001F9B7A /* Info.plist */,
				D3CF7F721E50661C001F9B7A /* urls.strings */,
			);
			path = battleshipiOS;
			sourceTree = "<group>";
		};
		D3CF7F631E503E5E001F9B7A /* battleshipiOSTests */ = {
			isa = PBXGroup;
			children = (
				D324E1931E62B838000FCBFC /* utils */,
				D3CF7F641E503E5E001F9B7A /* battleshipiOSTests.swift */,
				D3CF7F661E503E5E001F9B7A /* Info.plist */,
			);
			path = battleshipiOSTests;
			sourceTree = "<group>";
		};
		D3CF7F6F1E505E14001F9B7A /* Webservice */ = {
			isa = PBXGroup;
			children = (
				D3CF7F701E505E41001F9B7A /* Webservice.swift */,
			);
			name = Webservice;
			sourceTree = "<group>";
		};
		D3CF7F761E507762001F9B7A /* utils */ = {
			isa = PBXGroup;
			children = (
				D3CF7F741E50746D001F9B7A /* LocalizedString.swift */,
				D324E1911E62AF05000FCBFC /* CoordinateMaper.swift */,
				D34C373E1E7DAF23002817EC /* Alert.swift */,
			);
			name = utils;
			sourceTree = "<group>";
		};
		D3E65FC21E879B670002CEEA /* GamePage */ = {
			isa = PBXGroup;
			children = (
				D3E65FC31E879B670002CEEA /* GamePage.storyboard */,
				D3E65FCD1E87D2E50002CEEA /* gamePageVC.swift */,
				D3E65FCF1E87D4CD0002CEEA /* myGridDataSource.swift */,
				D3E65FD11E87D6E20002CEEA /* oppGridDataSource.swift */,
			);
			path = GamePage;
			sourceTree = "<group>";
		};
		F9F8DC39313B76E80F7B8D1B /* Pods */ = {
			isa = PBXGroup;
			children = (
				11A36F39C6E82B2D7918FCB1 /* Pods-battleshipiOS.debug.xcconfig */,
				34DEB5BEF872B1A55B97F631 /* Pods-battleshipiOS.release.xcconfig */,
				223CF86A0E699D6DEE879134 /* Pods-battleshipiOSTests.debug.xcconfig */,
				F590DF8D544E8A81056BFEC8 /* Pods-battleshipiOSTests.release.xcconfig */,
			);
			name = Pods;
			sourceTree = "<group>";
		};
/* End PBXGroup section */

/* Begin PBXHeadersBuildPhase section */
		D34C37421E7EFC4F002817EC /* Headers */ = {
			isa = PBXHeadersBuildPhase;
			buildActionMask = 2147483647;
			files = (
				D34C37491E7EFC4F002817EC /* CollectionViewLayouter.h in Headers */,
			);
			runOnlyForDeploymentPostprocessing = 0;
		};
/* End PBXHeadersBuildPhase section */

/* Begin PBXNativeTarget section */
		D34C37441E7EFC4F002817EC /* CollectionViewLayouter */ = {
			isa = PBXNativeTarget;
			buildConfigurationList = D34C374E1E7EFC4F002817EC /* Build configuration list for PBXNativeTarget "CollectionViewLayouter" */;
			buildPhases = (
				D34C37401E7EFC4F002817EC /* Sources */,
				D34C37411E7EFC4F002817EC /* Frameworks */,
				D34C37421E7EFC4F002817EC /* Headers */,
				D34C37431E7EFC4F002817EC /* Resources */,
			);
			buildRules = (
			);
			dependencies = (
			);
			name = CollectionViewLayouter;
			productName = CollectionViewLayouter;
			productReference = D34C37451E7EFC4F002817EC /* CollectionViewLayouter.framework */;
			productType = "com.apple.product-type.framework";
		};
		D3CF7F4B1E503E5E001F9B7A /* battleshipiOS */ = {
			isa = PBXNativeTarget;
			buildConfigurationList = D3CF7F691E503E5E001F9B7A /* Build configuration list for PBXNativeTarget "battleshipiOS" */;
			buildPhases = (
				C602E26129F8834BCCE17D2D /* [CP] Check Pods Manifest.lock */,
				D3CF7F481E503E5E001F9B7A /* Sources */,
				D3CF7F491E503E5E001F9B7A /* Frameworks */,
				D3CF7F4A1E503E5E001F9B7A /* Resources */,
				2FDCF78BC80938B2088CD107 /* [CP] Embed Pods Frameworks */,
				AE304CB7BC4BF0CC20B1BFE1 /* [CP] Copy Pods Resources */,
				D34C37511E7EFC4F002817EC /* Embed Frameworks */,
			);
			buildRules = (
			);
			dependencies = (
				D34C374B1E7EFC4F002817EC /* PBXTargetDependency */,
			);
			name = battleshipiOS;
			productName = battleshipiOS;
			productReference = D3CF7F4C1E503E5E001F9B7A /* battleshipiOS.app */;
			productType = "com.apple.product-type.application";
		};
		D3CF7F5F1E503E5E001F9B7A /* battleshipiOSTests */ = {
			isa = PBXNativeTarget;
			buildConfigurationList = D3CF7F6C1E503E5E001F9B7A /* Build configuration list for PBXNativeTarget "battleshipiOSTests" */;
			buildPhases = (
				D9BF55D96A32DDD5E1B8EF0D /* [CP] Check Pods Manifest.lock */,
				D3CF7F5C1E503E5E001F9B7A /* Sources */,
				D3CF7F5D1E503E5E001F9B7A /* Frameworks */,
				D3CF7F5E1E503E5E001F9B7A /* Resources */,
				FFA92B939349E72886D75FBE /* [CP] Embed Pods Frameworks */,
				6110EB82C11FBD2815151113 /* [CP] Copy Pods Resources */,
			);
			buildRules = (
			);
			dependencies = (
				D3CF7F621E503E5E001F9B7A /* PBXTargetDependency */,
			);
			name = battleshipiOSTests;
			productName = battleshipiOSTests;
			productReference = D3CF7F601E503E5E001F9B7A /* battleshipiOSTests.xctest */;
			productType = "com.apple.product-type.bundle.unit-test";
		};
/* End PBXNativeTarget section */

/* Begin PBXProject section */
		D3CF7F441E503E5E001F9B7A /* Project object */ = {
			isa = PBXProject;
			attributes = {
				LastSwiftUpdateCheck = 0810;
				LastUpgradeCheck = 0810;
				ORGANIZATIONNAME = "Abhishek Thakur";
				TargetAttributes = {
					D34C37441E7EFC4F002817EC = {
						CreatedOnToolsVersion = 8.1;
						LastSwiftMigration = 0810;
						ProvisioningStyle = Automatic;
					};
					D3CF7F4B1E503E5E001F9B7A = {
						CreatedOnToolsVersion = 8.1;
						ProvisioningStyle = Automatic;
					};
					D3CF7F5F1E503E5E001F9B7A = {
						CreatedOnToolsVersion = 8.1;
						ProvisioningStyle = Automatic;
						TestTargetID = D3CF7F4B1E503E5E001F9B7A;
					};
				};
			};
			buildConfigurationList = D3CF7F471E503E5E001F9B7A /* Build configuration list for PBXProject "battleshipiOS" */;
			compatibilityVersion = "Xcode 3.2";
			developmentRegion = English;
			hasScannedForEncodings = 0;
			knownRegions = (
				en,
				Base,
			);
			mainGroup = D3CF7F431E503E5E001F9B7A;
			productRefGroup = D3CF7F4D1E503E5E001F9B7A /* Products */;
			projectDirPath = "";
			projectRoot = "";
			targets = (
				D3CF7F4B1E503E5E001F9B7A /* battleshipiOS */,
				D3CF7F5F1E503E5E001F9B7A /* battleshipiOSTests */,
				D34C37441E7EFC4F002817EC /* CollectionViewLayouter */,
			);
		};
/* End PBXProject section */

/* Begin PBXResourcesBuildPhase section */
		D34C37431E7EFC4F002817EC /* Resources */ = {
			isa = PBXResourcesBuildPhase;
			buildActionMask = 2147483647;
			files = (
			);
			runOnlyForDeploymentPostprocessing = 0;
		};
		D3CF7F4A1E503E5E001F9B7A /* Resources */ = {
			isa = PBXResourcesBuildPhase;
			buildActionMask = 2147483647;
			files = (
				D3CF7F5A1E503E5E001F9B7A /* LaunchScreen.storyboard in Resources */,
				D3CF7F571E503E5E001F9B7A /* Assets.xcassets in Resources */,
				D3CF7F731E50661C001F9B7A /* urls.strings in Resources */,
				D3CF7F551E503E5E001F9B7A /* Login.storyboard in Resources */,
				D39F753C1E60BE8E00669FF8 /* ShipPlacement.storyboard in Resources */,
				D3E65FC51E879B670002CEEA /* GamePage.storyboard in Resources */,
			);
			runOnlyForDeploymentPostprocessing = 0;
		};
		D3CF7F5E1E503E5E001F9B7A /* Resources */ = {
			isa = PBXResourcesBuildPhase;
			buildActionMask = 2147483647;
			files = (
			);
			runOnlyForDeploymentPostprocessing = 0;
		};
/* End PBXResourcesBuildPhase section */

/* Begin PBXShellScriptBuildPhase section */
		2FDCF78BC80938B2088CD107 /* [CP] Embed Pods Frameworks */ = {
			isa = PBXShellScriptBuildPhase;
			buildActionMask = 2147483647;
			files = (
			);
			inputPaths = (
			);
			name = "[CP] Embed Pods Frameworks";
			outputPaths = (
			);
			runOnlyForDeploymentPostprocessing = 0;
			shellPath = /bin/sh;
			shellScript = "\"${SRCROOT}/Pods/Target Support Files/Pods-battleshipiOS/Pods-battleshipiOS-frameworks.sh\"\n";
			showEnvVarsInLog = 0;
		};
		6110EB82C11FBD2815151113 /* [CP] Copy Pods Resources */ = {
			isa = PBXShellScriptBuildPhase;
			buildActionMask = 2147483647;
			files = (
			);
			inputPaths = (
			);
			name = "[CP] Copy Pods Resources";
			outputPaths = (
			);
			runOnlyForDeploymentPostprocessing = 0;
			shellPath = /bin/sh;
			shellScript = "\"${SRCROOT}/Pods/Target Support Files/Pods-battleshipiOSTests/Pods-battleshipiOSTests-resources.sh\"\n";
			showEnvVarsInLog = 0;
		};
		AE304CB7BC4BF0CC20B1BFE1 /* [CP] Copy Pods Resources */ = {
			isa = PBXShellScriptBuildPhase;
			buildActionMask = 2147483647;
			files = (
			);
			inputPaths = (
			);
			name = "[CP] Copy Pods Resources";
			outputPaths = (
			);
			runOnlyForDeploymentPostprocessing = 0;
			shellPath = /bin/sh;
			shellScript = "\"${SRCROOT}/Pods/Target Support Files/Pods-battleshipiOS/Pods-battleshipiOS-resources.sh\"\n";
			showEnvVarsInLog = 0;
		};
		C602E26129F8834BCCE17D2D /* [CP] Check Pods Manifest.lock */ = {
			isa = PBXShellScriptBuildPhase;
			buildActionMask = 2147483647;
			files = (
			);
			inputPaths = (
			);
			name = "[CP] Check Pods Manifest.lock";
			outputPaths = (
			);
			runOnlyForDeploymentPostprocessing = 0;
			shellPath = /bin/sh;
			shellScript = "diff \"${PODS_ROOT}/../Podfile.lock\" \"${PODS_ROOT}/Manifest.lock\" > /dev/null\nif [ $? != 0 ] ; then\n    # print error to STDERR\n    echo \"error: The sandbox is not in sync with the Podfile.lock. Run 'pod install' or update your CocoaPods installation.\" >&2\n    exit 1\nfi\n";
			showEnvVarsInLog = 0;
		};
		D9BF55D96A32DDD5E1B8EF0D /* [CP] Check Pods Manifest.lock */ = {
			isa = PBXShellScriptBuildPhase;
			buildActionMask = 2147483647;
			files = (
			);
			inputPaths = (
			);
			name = "[CP] Check Pods Manifest.lock";
			outputPaths = (
			);
			runOnlyForDeploymentPostprocessing = 0;
			shellPath = /bin/sh;
			shellScript = "diff \"${PODS_ROOT}/../Podfile.lock\" \"${PODS_ROOT}/Manifest.lock\" > /dev/null\nif [ $? != 0 ] ; then\n    # print error to STDERR\n    echo \"error: The sandbox is not in sync with the Podfile.lock. Run 'pod install' or update your CocoaPods installation.\" >&2\n    exit 1\nfi\n";
			showEnvVarsInLog = 0;
		};
		FFA92B939349E72886D75FBE /* [CP] Embed Pods Frameworks */ = {
			isa = PBXShellScriptBuildPhase;
			buildActionMask = 2147483647;
			files = (
			);
			inputPaths = (
			);
			name = "[CP] Embed Pods Frameworks";
			outputPaths = (
			);
			runOnlyForDeploymentPostprocessing = 0;
			shellPath = /bin/sh;
			shellScript = "\"${SRCROOT}/Pods/Target Support Files/Pods-battleshipiOSTests/Pods-battleshipiOSTests-frameworks.sh\"\n";
			showEnvVarsInLog = 0;
		};
/* End PBXShellScriptBuildPhase section */

/* Begin PBXSourcesBuildPhase section */
		D34C37401E7EFC4F002817EC /* Sources */ = {
			isa = PBXSourcesBuildPhase;
			buildActionMask = 2147483647;
			files = (
				D34C37531E7EFD06002817EC /* Layouter.swift in Sources */,
			);
			runOnlyForDeploymentPostprocessing = 0;
		};
		D3CF7F481E503E5E001F9B7A /* Sources */ = {
			isa = PBXSourcesBuildPhase;
			buildActionMask = 2147483647;
			files = (
				D3E65FD01E87D4CD0002CEEA /* myGridDataSource.swift in Sources */,
				D3E65FD21E87D6E20002CEEA /* oppGridDataSource.swift in Sources */,
				D3CF7F751E50746D001F9B7A /* LocalizedString.swift in Sources */,
				D39F75401E60BF1400669FF8 /* ShipPlacementVC.swift in Sources */,
				D3CF7F521E503E5E001F9B7A /* Login.swift in Sources */,
				D39F75421E61498100669FF8 /* ShipPlacementCell.swift in Sources */,
				D324E1971E62D307000FCBFC /* Cells.swift in Sources */,
				D3CF7F501E503E5E001F9B7A /* AppDelegate.swift in Sources */,
				D3E65FC61E879B670002CEEA /* GamePage.swift in Sources */,
				D324E1921E62AF05000FCBFC /* CoordinateMaper.swift in Sources */,
				D3E65FCE1E87D2E50002CEEA /* gamePageVC.swift in Sources */,
				D34C373F1E7DAF23002817EC /* Alert.swift in Sources */,
				D3CF7F711E505E41001F9B7A /* Webservice.swift in Sources */,
			);
			runOnlyForDeploymentPostprocessing = 0;
		};
		D3CF7F5C1E503E5E001F9B7A /* Sources */ = {
			isa = PBXSourcesBuildPhase;
			buildActionMask = 2147483647;
			files = (
				D324E1951E62B854000FCBFC /* CoordinateMaperSpec.swift in Sources */,
				D3CF7F651E503E5E001F9B7A /* battleshipiOSTests.swift in Sources */,
			);
			runOnlyForDeploymentPostprocessing = 0;
		};
/* End PBXSourcesBuildPhase section */

/* Begin PBXTargetDependency section */
		D34C374B1E7EFC4F002817EC /* PBXTargetDependency */ = {
			isa = PBXTargetDependency;
			target = D34C37441E7EFC4F002817EC /* CollectionViewLayouter */;
			targetProxy = D34C374A1E7EFC4F002817EC /* PBXContainerItemProxy */;
		};
		D3CF7F621E503E5E001F9B7A /* PBXTargetDependency */ = {
			isa = PBXTargetDependency;
			target = D3CF7F4B1E503E5E001F9B7A /* battleshipiOS */;
			targetProxy = D3CF7F611E503E5E001F9B7A /* PBXContainerItemProxy */;
		};
/* End PBXTargetDependency section */

/* Begin PBXVariantGroup section */
		D3CF7F531E503E5E001F9B7A /* Login.storyboard */ = {
			isa = PBXVariantGroup;
			children = (
				D3CF7F541E503E5E001F9B7A /* Base */,
			);
			name = Login.storyboard;
			sourceTree = "<group>";
		};
		D3CF7F581E503E5E001F9B7A /* LaunchScreen.storyboard */ = {
			isa = PBXVariantGroup;
			children = (
				D3CF7F591E503E5E001F9B7A /* Base */,
			);
			name = LaunchScreen.storyboard;
			sourceTree = "<group>";
		};
/* End PBXVariantGroup section */

/* Begin XCBuildConfiguration section */
		D34C374F1E7EFC4F002817EC /* Debug */ = {
			isa = XCBuildConfiguration;
			buildSettings = {
				APPLICATION_EXTENSION_API_ONLY = YES;
				CLANG_ENABLE_MODULES = YES;
				CODE_SIGN_IDENTITY = "";
				CURRENT_PROJECT_VERSION = 1;
				DEFINES_MODULE = YES;
				DYLIB_COMPATIBILITY_VERSION = 1;
				DYLIB_CURRENT_VERSION = 1;
				DYLIB_INSTALL_NAME_BASE = "@rpath";
				INFOPLIST_FILE = CollectionViewLayouter/Info.plist;
				INSTALL_PATH = "$(LOCAL_LIBRARY_DIR)/Frameworks";
				LD_RUNPATH_SEARCH_PATHS = "$(inherited) @executable_path/Frameworks @loader_path/Frameworks";
				PRODUCT_BUNDLE_IDENTIFIER = abhishek.CollectionViewLayouter;
				PRODUCT_NAME = "$(TARGET_NAME)";
				SKIP_INSTALL = YES;
				SWIFT_OPTIMIZATION_LEVEL = "-Onone";
				SWIFT_VERSION = 3.0;
				VERSIONING_SYSTEM = "apple-generic";
				VERSION_INFO_PREFIX = "";
			};
			name = Debug;
		};
		D34C37501E7EFC4F002817EC /* Release */ = {
			isa = XCBuildConfiguration;
			buildSettings = {
				APPLICATION_EXTENSION_API_ONLY = YES;
				CLANG_ENABLE_MODULES = YES;
				CODE_SIGN_IDENTITY = "";
				CURRENT_PROJECT_VERSION = 1;
				DEFINES_MODULE = YES;
				DYLIB_COMPATIBILITY_VERSION = 1;
				DYLIB_CURRENT_VERSION = 1;
				DYLIB_INSTALL_NAME_BASE = "@rpath";
				INFOPLIST_FILE = CollectionViewLayouter/Info.plist;
				INSTALL_PATH = "$(LOCAL_LIBRARY_DIR)/Frameworks";
				LD_RUNPATH_SEARCH_PATHS = "$(inherited) @executable_path/Frameworks @loader_path/Frameworks";
				PRODUCT_BUNDLE_IDENTIFIER = abhishek.CollectionViewLayouter;
				PRODUCT_NAME = "$(TARGET_NAME)";
				SKIP_INSTALL = YES;
				SWIFT_VERSION = 3.0;
				VERSIONING_SYSTEM = "apple-generic";
				VERSION_INFO_PREFIX = "";
			};
			name = Release;
		};
		D3CF7F671E503E5E001F9B7A /* Debug */ = {
			isa = XCBuildConfiguration;
			buildSettings = {
				ALWAYS_SEARCH_USER_PATHS = NO;
				CLANG_ANALYZER_NONNULL = YES;
				CLANG_CXX_LANGUAGE_STANDARD = "gnu++0x";
				CLANG_CXX_LIBRARY = "libc++";
				CLANG_ENABLE_MODULES = YES;
				CLANG_ENABLE_OBJC_ARC = YES;
				CLANG_WARN_BOOL_CONVERSION = YES;
				CLANG_WARN_CONSTANT_CONVERSION = YES;
				CLANG_WARN_DIRECT_OBJC_ISA_USAGE = YES_ERROR;
				CLANG_WARN_DOCUMENTATION_COMMENTS = YES;
				CLANG_WARN_EMPTY_BODY = YES;
				CLANG_WARN_ENUM_CONVERSION = YES;
				CLANG_WARN_INFINITE_RECURSION = YES;
				CLANG_WARN_INT_CONVERSION = YES;
				CLANG_WARN_OBJC_ROOT_CLASS = YES_ERROR;
				CLANG_WARN_SUSPICIOUS_MOVES = YES;
				CLANG_WARN_UNREACHABLE_CODE = YES;
				CLANG_WARN__DUPLICATE_METHOD_MATCH = YES;
				"CODE_SIGN_IDENTITY[sdk=iphoneos*]" = "iPhone Developer";
				COPY_PHASE_STRIP = NO;
				DEBUG_INFORMATION_FORMAT = dwarf;
				ENABLE_STRICT_OBJC_MSGSEND = YES;
				ENABLE_TESTABILITY = YES;
				GCC_C_LANGUAGE_STANDARD = gnu99;
				GCC_DYNAMIC_NO_PIC = NO;
				GCC_NO_COMMON_BLOCKS = YES;
				GCC_OPTIMIZATION_LEVEL = 0;
				GCC_PREPROCESSOR_DEFINITIONS = (
					"DEBUG=1",
					"$(inherited)",
				);
				GCC_WARN_64_TO_32_BIT_CONVERSION = YES;
				GCC_WARN_ABOUT_RETURN_TYPE = YES_ERROR;
				GCC_WARN_UNDECLARED_SELECTOR = YES;
				GCC_WARN_UNINITIALIZED_AUTOS = YES_AGGRESSIVE;
				GCC_WARN_UNUSED_FUNCTION = YES;
				GCC_WARN_UNUSED_VARIABLE = YES;
				IPHONEOS_DEPLOYMENT_TARGET = 10.1;
				MTL_ENABLE_DEBUG_INFO = YES;
				ONLY_ACTIVE_ARCH = YES;
				SDKROOT = iphoneos;
				SWIFT_ACTIVE_COMPILATION_CONDITIONS = DEBUG;
				SWIFT_OPTIMIZATION_LEVEL = "-Onone";
				TARGETED_DEVICE_FAMILY = "1,2";
			};
			name = Debug;
		};
		D3CF7F681E503E5E001F9B7A /* Release */ = {
			isa = XCBuildConfiguration;
			buildSettings = {
				ALWAYS_SEARCH_USER_PATHS = NO;
				CLANG_ANALYZER_NONNULL = YES;
				CLANG_CXX_LANGUAGE_STANDARD = "gnu++0x";
				CLANG_CXX_LIBRARY = "libc++";
				CLANG_ENABLE_MODULES = YES;
				CLANG_ENABLE_OBJC_ARC = YES;
				CLANG_WARN_BOOL_CONVERSION = YES;
				CLANG_WARN_CONSTANT_CONVERSION = YES;
				CLANG_WARN_DIRECT_OBJC_ISA_USAGE = YES_ERROR;
				CLANG_WARN_DOCUMENTATION_COMMENTS = YES;
				CLANG_WARN_EMPTY_BODY = YES;
				CLANG_WARN_ENUM_CONVERSION = YES;
				CLANG_WARN_INFINITE_RECURSION = YES;
				CLANG_WARN_INT_CONVERSION = YES;
				CLANG_WARN_OBJC_ROOT_CLASS = YES_ERROR;
				CLANG_WARN_SUSPICIOUS_MOVES = YES;
				CLANG_WARN_UNREACHABLE_CODE = YES;
				CLANG_WARN__DUPLICATE_METHOD_MATCH = YES;
				"CODE_SIGN_IDENTITY[sdk=iphoneos*]" = "iPhone Developer";
				COPY_PHASE_STRIP = NO;
				DEBUG_INFORMATION_FORMAT = "dwarf-with-dsym";
				ENABLE_NS_ASSERTIONS = NO;
				ENABLE_STRICT_OBJC_MSGSEND = YES;
				GCC_C_LANGUAGE_STANDARD = gnu99;
				GCC_NO_COMMON_BLOCKS = YES;
				GCC_WARN_64_TO_32_BIT_CONVERSION = YES;
				GCC_WARN_ABOUT_RETURN_TYPE = YES_ERROR;
				GCC_WARN_UNDECLARED_SELECTOR = YES;
				GCC_WARN_UNINITIALIZED_AUTOS = YES_AGGRESSIVE;
				GCC_WARN_UNUSED_FUNCTION = YES;
				GCC_WARN_UNUSED_VARIABLE = YES;
				IPHONEOS_DEPLOYMENT_TARGET = 10.1;
				MTL_ENABLE_DEBUG_INFO = NO;
				SDKROOT = iphoneos;
				SWIFT_OPTIMIZATION_LEVEL = "-Owholemodule";
				TARGETED_DEVICE_FAMILY = "1,2";
				VALIDATE_PRODUCT = YES;
			};
			name = Release;
		};
		D3CF7F6A1E503E5E001F9B7A /* Debug */ = {
			isa = XCBuildConfiguration;
			baseConfigurationReference = 11A36F39C6E82B2D7918FCB1 /* Pods-battleshipiOS.debug.xcconfig */;
			buildSettings = {
				ALWAYS_EMBED_SWIFT_STANDARD_LIBRARIES = YES;
				ASSETCATALOG_COMPILER_APPICON_NAME = AppIcon;
				INFOPLIST_FILE = battleshipiOS/Info.plist;
				LD_RUNPATH_SEARCH_PATHS = "$(inherited) @executable_path/Frameworks";
				PRODUCT_BUNDLE_IDENTIFIER = abhishek.battleshipiOS;
				PRODUCT_NAME = "$(TARGET_NAME)";
				SWIFT_VERSION = 3.0;
			};
			name = Debug;
		};
		D3CF7F6B1E503E5E001F9B7A /* Release */ = {
			isa = XCBuildConfiguration;
			baseConfigurationReference = 34DEB5BEF872B1A55B97F631 /* Pods-battleshipiOS.release.xcconfig */;
			buildSettings = {
				ALWAYS_EMBED_SWIFT_STANDARD_LIBRARIES = YES;
				ASSETCATALOG_COMPILER_APPICON_NAME = AppIcon;
				INFOPLIST_FILE = battleshipiOS/Info.plist;
				LD_RUNPATH_SEARCH_PATHS = "$(inherited) @executable_path/Frameworks";
				PRODUCT_BUNDLE_IDENTIFIER = abhishek.battleshipiOS;
				PRODUCT_NAME = "$(TARGET_NAME)";
				SWIFT_VERSION = 3.0;
			};
			name = Release;
		};
		D3CF7F6D1E503E5E001F9B7A /* Debug */ = {
			isa = XCBuildConfiguration;
			baseConfigurationReference = 223CF86A0E699D6DEE879134 /* Pods-battleshipiOSTests.debug.xcconfig */;
			buildSettings = {
				ALWAYS_EMBED_SWIFT_STANDARD_LIBRARIES = YES;
				BUNDLE_LOADER = "$(TEST_HOST)";
				INFOPLIST_FILE = battleshipiOSTests/Info.plist;
				LD_RUNPATH_SEARCH_PATHS = "$(inherited) @executable_path/Frameworks @loader_path/Frameworks";
				PRODUCT_BUNDLE_IDENTIFIER = abhishek.battleshipiOSTests;
				PRODUCT_NAME = "$(TARGET_NAME)";
				SWIFT_VERSION = 3.0;
				TEST_HOST = "$(BUILT_PRODUCTS_DIR)/battleshipiOS.app/battleshipiOS";
			};
			name = Debug;
		};
		D3CF7F6E1E503E5E001F9B7A /* Release */ = {
			isa = XCBuildConfiguration;
			baseConfigurationReference = F590DF8D544E8A81056BFEC8 /* Pods-battleshipiOSTests.release.xcconfig */;
			buildSettings = {
				ALWAYS_EMBED_SWIFT_STANDARD_LIBRARIES = YES;
				BUNDLE_LOADER = "$(TEST_HOST)";
				INFOPLIST_FILE = battleshipiOSTests/Info.plist;
				LD_RUNPATH_SEARCH_PATHS = "$(inherited) @executable_path/Frameworks @loader_path/Frameworks";
				PRODUCT_BUNDLE_IDENTIFIER = abhishek.battleshipiOSTests;
				PRODUCT_NAME = "$(TARGET_NAME)";
				SWIFT_VERSION = 3.0;
				TEST_HOST = "$(BUILT_PRODUCTS_DIR)/battleshipiOS.app/battleshipiOS";
			};
			name = Release;
		};
/* End XCBuildConfiguration section */

/* Begin XCConfigurationList section */
		D34C374E1E7EFC4F002817EC /* Build configuration list for PBXNativeTarget "CollectionViewLayouter" */ = {
			isa = XCConfigurationList;
			buildConfigurations = (
				D34C374F1E7EFC4F002817EC /* Debug */,
				D34C37501E7EFC4F002817EC /* Release */,
			);
			defaultConfigurationIsVisible = 0;
		};
		D3CF7F471E503E5E001F9B7A /* Build configuration list for PBXProject "battleshipiOS" */ = {
			isa = XCConfigurationList;
			buildConfigurations = (
				D3CF7F671E503E5E001F9B7A /* Debug */,
				D3CF7F681E503E5E001F9B7A /* Release */,
			);
			defaultConfigurationIsVisible = 0;
			defaultConfigurationName = Release;
		};
		D3CF7F691E503E5E001F9B7A /* Build configuration list for PBXNativeTarget "battleshipiOS" */ = {
			isa = XCConfigurationList;
			buildConfigurations = (
				D3CF7F6A1E503E5E001F9B7A /* Debug */,
				D3CF7F6B1E503E5E001F9B7A /* Release */,
			);
			defaultConfigurationIsVisible = 0;
			defaultConfigurationName = Release;
		};
		D3CF7F6C1E503E5E001F9B7A /* Build configuration list for PBXNativeTarget "battleshipiOSTests" */ = {
			isa = XCConfigurationList;
			buildConfigurations = (
				D3CF7F6D1E503E5E001F9B7A /* Debug */,
				D3CF7F6E1E503E5E001F9B7A /* Release */,
			);
			defaultConfigurationIsVisible = 0;
			defaultConfigurationName = Release;
		};
/* End XCConfigurationList section */
	};
	rootObject = D3CF7F441E503E5E001F9B7A /* Project object */;
}
